
Microsoft Visual Studio Solution File, Format Version 12.00
# Visual Studio Version 17
VisualStudioVersion = 17.2.32616.157
MinimumVisualStudioVersion = 10.0.40219.1
Project("{FAE04EC0-301F-11D3-BF4B-00C04F79EFBC}") = "XamarinMobile.Android", "XamarinMobile.Android\XamarinMobile.Android.csproj", "{E99FFD30-1557-40C9-80D8-50655484C098}"
EndProject
Project("{FAE04EC0-301F-11D3-BF4B-00C04F79EFBC}") = "XamarinMobile.iOS", "XamarinMobile.iOS\XamarinMobile.iOS.csproj", "{3003A6BA-6906-46E1-A7AF-8F65430C76D9}"
EndProject
Project("{FAE04EC0-301F-11D3-BF4B-00C04F79EFBC}") = "XamarinMobile", "XamarinMobile\XamarinMobile.csproj", "{3D50E229-F89F-4404-99CA-B4C5F7C5E8EF}"
EndProject
Global
	GlobalSection(SolutionConfigurationPlatforms) = preSolution
		Debug|Any CPU = Debug|Any CPU
		Debug|iPhone = Debug|iPhone
		Debug|iPhoneSimulator = Debug|iPhoneSimulator
		Release|Any CPU = Release|Any CPU
		Release|iPhone = Release|iPhone
		Release|iPhoneSimulator = Release|iPhoneSimulator
	EndGlobalSection
	GlobalSection(ProjectConfigurationPlatforms) = postSolution
		{E99FFD30-1557-40C9-80D8-50655484C098}.Debug|Any CPU.ActiveCfg = Debug|Any CPU
		{E99FFD30-1557-40C9-80D8-50655484C098}.Debug|Any CPU.Build.0 = Debug|Any CPU
		{E99FFD30-1557-40C9-80D8-50655484C098}.Debug|Any CPU.Deploy.0 = Debug|Any CPU
		{E99FFD30-1557-40C9-80D8-50655484C098}.Debug|iPhone.ActiveCfg = Debug|Any CPU
		{E99FFD30-1557-40C9-80D8-50655484C098}.Debug|iPhone.Build.0 = Debug|Any CPU
		{E99FFD30-1557-40C9-80D8-50655484C098}.Debug|iPhone.Deploy.0 = Debug|Any CPU
		{E99FFD30-1557-40C9-80D8-50655484C098}.Debug|iPhoneSimulator.ActiveCfg = Debug|Any CPU
		{E99FFD30-1557-40C9-80D8-50655484C098}.Debug|iPhoneSimulator.Build.0 = Debug|Any CPU
		{E99FFD30-1557-40C9-80D8-50655484C098}.Debug|iPhoneSimulator.Deploy.0 = Debug|Any CPU
		{E99FFD30-1557-40C9-80D8-50655484C098}.Release|Any CPU.ActiveCfg = Release|Any CPU
		{E99FFD30-1557-40C9-80D8-50655484C098}.Release|Any CPU.Build.0 = Release|Any CPU
		{E99FFD30-1557-40C9-80D8-50655484C098}.Release|Any CPU.Deploy.0 = Release|Any CPU
		{E99FFD30-1557-40C9-80D8-50655484C098}.Release|iPhone.ActiveCfg = Release|Any CPU
		{E99FFD30-1557-40C9-80D8-50655484C098}.Release|iPhone.Build.0 = Release|Any CPU
		{E99FFD30-1557-40C9-80D8-50655484C098}.Release|iPhone.Deploy.0 = Release|Any CPU
		{E99FFD30-1557-40C9-80D8-50655484C098}.Release|iPhoneSimulator.ActiveCfg = Release|Any CPU
		{E99FFD30-1557-40C9-80D8-50655484C098}.Release|iPhoneSimulator.Build.0 = Release|Any CPU
		{E99FFD30-1557-40C9-80D8-50655484C098}.Release|iPhoneSimulator.Deploy.0 = Release|Any CPU
		{3003A6BA-6906-46E1-A7AF-8F65430C76D9}.Debug|Any CPU.ActiveCfg = Debug|iPhone
		{3003A6BA-6906-46E1-A7AF-8F65430C76D9}.Debug|Any CPU.Build.0 = Debug|iPhone
		{3003A6BA-6906-46E1-A7AF-8F65430C76D9}.Debug|Any CPU.Deploy.0 = Debug|iPhone
		{3003A6BA-6906-46E1-A7AF-8F65430C76D9}.Debug|iPhone.ActiveCfg = Debug|iPhone
		{3003A6BA-6906-46E1-A7AF-8F65430C76D9}.Debug|iPhone.Build.0 = Debug|iPhone
		{3003A6BA-6906-46E1-A7AF-8F65430C76D9}.Debug|iPhone.Deploy.0 = Debug|iPhone
		{3003A6BA-6906-46E1-A7AF-8F65430C76D9}.Debug|iPhoneSimulator.ActiveCfg = Debug|iPhoneSimulator
		{3003A6BA-6906-46E1-A7AF-8F65430C76D9}.Debug|iPhoneSimulator.Build.0 = Debug|iPhoneSimulator
		{3003A6BA-6906-46E1-A7AF-8F65430C76D9}.Debug|iPhoneSimulator.Deploy.0 = Debug|iPhoneSimulator
		{3003A6BA-6906-46E1-A7AF-8F65430C76D9}.Release|Any CPU.ActiveCfg = Release|iPhoneSimulator
		{3003A6BA-6906-46E1-A7AF-8F65430C76D9}.Release|Any CPU.Build.0 = Release|iPhoneSimulator
		{3003A6BA-6906-46E1-A7AF-8F65430C76D9}.Release|Any CPU.Deploy.0 = Release|iPhoneSimulator
		{3003A6BA-6906-46E1-A7AF-8F65430C76D9}.Release|iPhone.ActiveCfg = Release|iPhone
		{3003A6BA-6906-46E1-A7AF-8F65430C76D9}.Release|iPhone.Build.0 = Release|iPhone
		{3003A6BA-6906-46E1-A7AF-8F65430C76D9}.Release|iPhone.Deploy.0 = Release|iPhone
		{3003A6BA-6906-46E1-A7AF-8F65430C76D9}.Release|iPhoneSimulator.ActiveCfg = Release|iPhoneSimulator
		{3003A6BA-6906-46E1-A7AF-8F65430C76D9}.Release|iPhoneSimulator.Build.0 = Release|iPhoneSimulator
		{3003A6BA-6906-46E1-A7AF-8F65430C76D9}.Release|iPhoneSimulator.Deploy.0 = Release|iPhoneSimulator
		{3D50E229-F89F-4404-99CA-B4C5F7C5E8EF}.Debug|Any CPU.ActiveCfg = Debug|Any CPU
		{3D50E229-F89F-4404-99CA-B4C5F7C5E8EF}.Debug|Any CPU.Build.0 = Debug|Any CPU
		{3D50E229-F89F-4404-99CA-B4C5F7C5E8EF}.Debug|Any CPU.Deploy.0 = Debug|Any CPU
		{3D50E229-F89F-4404-99CA-B4C5F7C5E8EF}.Debug|iPhone.ActiveCfg = Debug|Any CPU
		{3D50E229-F89F-4404-99CA-B4C5F7C5E8EF}.Debug|iPhone.Build.0 = Debug|Any CPU
		{3D50E229-F89F-4404-99CA-B4C5F7C5E8EF}.Debug|iPhone.Deploy.0 = Debug|Any CPU
		{3D50E229-F89F-4404-99CA-B4C5F7C5E8EF}.Debug|iPhoneSimulator.ActiveCfg = Debug|Any CPU
		{3D50E229-F89F-4404-99CA-B4C5F7C5E8EF}.Debug|iPhoneSimulator.Build.0 = Debug|Any CPU
		{3D50E229-F89F-4404-99CA-B4C5F7C5E8EF}.Debug|iPhoneSimulator.Deploy.0 = Debug|Any CPU
		{3D50E229-F89F-4404-99CA-B4C5F7C5E8EF}.Release|Any CPU.ActiveCfg = Release|Any CPU
		{3D50E229-F89F-4404-99CA-B4C5F7C5E8EF}.Release|Any CPU.Build.0 = Release|Any CPU
		{3D50E229-F89F-4404-99CA-B4C5F7C5E8EF}.Release|Any CPU.Deploy.0 = Release|Any CPU
		{3D50E229-F89F-4404-99CA-B4C5F7C5E8EF}.Release|iPhone.ActiveCfg = Release|Any CPU
		{3D50E229-F89F-4404-99CA-B4C5F7C5E8EF}.Release|iPhone.Build.0 = Release|Any CPU
		{3D50E229-F89F-4404-99CA-B4C5F7C5E8EF}.Release|iPhone.Deploy.0 = Release|Any CPU
		{3D50E229-F89F-4404-99CA-B4C5F7C5E8EF}.Release|iPhoneSimulator.ActiveCfg = Release|Any CPU
		{3D50E229-F89F-4404-99CA-B4C5F7C5E8EF}.Release|iPhoneSimulator.Build.0 = Release|Any CPU
		{3D50E229-F89F-4404-99CA-B4C5F7C5E8EF}.Release|iPhoneSimulator.Deploy.0 = Release|Any CPU
	EndGlobalSection
	GlobalSection(SolutionProperties) = preSolution
		HideSolutionNode = FALSE
	EndGlobalSection
	GlobalSection(ExtensibilityGlobals) = postSolution
		SolutionGuid = {00EA5EB3-7403-4E40-8E59-DB268543B5F4}
	EndGlobalSection
EndGlobal
